# THIS IS AN AUTOGENERATED FILE. DO NOT EDIT THIS FILE DIRECTLY.
# yarn lockfile v1


accepts@~1.3.3:
  version "1.3.3"
  resolved "https://registry.yarnpkg.com/accepts/-/accepts-1.3.3.tgz#c3ca7434938648c3e0d9c1e328dd68b622c284ca"
  dependencies:
    mime-types "~2.1.11"
    negotiator "0.6.1"

align-text@^0.1.1, align-text@^0.1.3:
  version "0.1.4"
  resolved "https://registry.yarnpkg.com/align-text/-/align-text-0.1.4.tgz#0cd90a561093f35d0a99256c22b7069433fad117"
  dependencies:
    kind-of "^3.0.2"
    longest "^1.0.1"
    repeat-string "^1.5.2"

amdefine@>=0.0.4:
  version "1.0.1"
  resolved "https://registry.yarnpkg.com/amdefine/-/amdefine-1.0.1.tgz#4a5282ac164729e93619bcfd3ad151f817ce91f5"

ansi-regex@^2.0.0:
  version "2.1.1"
  resolved "https://registry.yarnpkg.com/ansi-regex/-/ansi-regex-2.1.1.tgz#c3b33ab5ee360d86e0e628f0468ae7ef27d654df"

ansi-styles@^2.2.1:
  version "2.2.1"
  resolved "https://registry.yarnpkg.com/ansi-styles/-/ansi-styles-2.2.1.tgz#b432dd3358b634cf75e1e4664368240533c1ddbe"

arid@^0.23.0:
  version "0.23.0"
  resolved "https://registry.yarnpkg.com/arid/-/arid-0.23.0.tgz#dfb7813cabda206cc83ce663447daf3fe64f8f0c"
  dependencies:
    arkount "^0.5.0"
    babel-runtime "^6.23.0"
    doubt "^0.24.0"

arkount@^0.5.0:
  version "0.5.0"
  resolved "https://registry.yarnpkg.com/arkount/-/arkount-0.5.0.tgz#6dd1b49295d60d5b651f1605a7c1589978a92167"
  dependencies:
    babel-runtime "^6.23.0"
    doubt "^0.24.0"
    raze "^0.25.0"
    truly "^0.17.0"
    wichevr "^0.7.0"

array-flatten@1.1.1:
  version "1.1.1"
  resolved "https://registry.yarnpkg.com/array-flatten/-/array-flatten-1.1.1.tgz#9a5f699051b1e7073328f2a008968b64ea2955d2"

asea@^0.13.0:
  version "0.13.0"
  resolved "https://registry.yarnpkg.com/asea/-/asea-0.13.0.tgz#80ae9421fe5614432c2324a7850ea13184242277"
  dependencies:
    babel-runtime "^6.23.0"
    harden "^0.21.0"

async@^1.4.0:
  version "1.5.2"
  resolved "https://registry.yarnpkg.com/async/-/async-1.5.2.tgz#ec6a61ae56480c0c3cb241c95618e20892f9672a"

ate@^0.15.0:
  version "0.15.0"
  resolved "https://registry.yarnpkg.com/ate/-/ate-0.15.0.tgz#8e2f2846542b6f10995f95838f01fa02be01433a"
  dependencies:
    babel-runtime "^6.23.0"
    falzy "^0.17.0"
    protype "^0.21.0"
    zelf "^0.11.0"

babel-runtime@^6.23.0:
  version "6.23.0"
  resolved "https://registry.yarnpkg.com/babel-runtime/-/babel-runtime-6.23.0.tgz#0a9489f144de70efb3ce4300accdb329e2fc543b"
  dependencies:
    core-js "^2.4.0"
    regenerator-runtime "^0.10.0"

blacksea@^0.12.0:
  version "0.12.0"
  resolved "https://registry.yarnpkg.com/blacksea/-/blacksea-0.12.0.tgz#122eb80fcdb227fb51cdee3984a1f19879afd9c5"
  dependencies:
    clazof "^0.21.0"
    exorcise "^0.13.0"
    falzy "^0.17.0"
    harden "^0.21.0"
    protype "^0.21.0"
    snapd "^0.19.0"

bluesea@^0.6.0:
  version "0.6.0"
  resolved "https://registry.yarnpkg.com/bluesea/-/bluesea-0.6.0.tgz#77fbd189d7cf123250936dbcd4695bbb25019197"
  dependencies:
    clazof "^0.21.0"
    exorcise "^0.13.0"
    falzy "^0.17.0"
    harden "^0.21.0"
    protype "^0.21.0"
    snapd "^0.19.0"

browser-fingerprint@0.0.1:
  version "0.0.1"
  resolved "https://registry.yarnpkg.com/browser-fingerprint/-/browser-fingerprint-0.0.1.tgz#8df3cdca25bf7d5b3542d61545d730053fce604a"

budge@^0.21.0:
  version "0.21.0"
  resolved "https://registry.yarnpkg.com/budge/-/budge-0.21.0.tgz#d109ed0ca10909882395eae9ce36fcf37b74c04a"
  dependencies:
    arkount "^0.5.0"
    babel-runtime "^6.23.0"
    depher "^0.26.0"
    doubt "^0.24.0"
    raze "^0.25.0"

calcify@^0.7.0:
  version "0.7.0"
  resolved "https://registry.yarnpkg.com/calcify/-/calcify-0.7.0.tgz#61f2db15410c8d230e3f31d30cbd7248f0ca3a34"
  dependencies:
    babel-runtime "^6.23.0"
    circular-json "^0.3.1"
    parseon "^0.6.0"

called@^0.21.0:
  version "0.21.0"
  resolved "https://registry.yarnpkg.com/called/-/called-0.21.0.tgz#dc7853416bafd660f93da5eb14610e48c946c57f"
  dependencies:
    babel-runtime "^6.23.0"
    depher "^0.26.0"
    harden "^0.21.0"
    kloak "^0.14.0"
    raze "^0.25.0"
    wichevr "^0.7.0"
    zelf "^0.11.0"

camelcase@^1.0.2:
  version "1.2.1"
  resolved "https://registry.yarnpkg.com/camelcase/-/camelcase-1.2.1.tgz#9bb5304d2e0b56698b2c758b08a3eaa9daa58a39"

cemento@^0.15.0:
  version "0.15.0"
  resolved "https://registry.yarnpkg.com/cemento/-/cemento-0.15.0.tgz#77fe5818c3c67975d47f974df052bea9739ff5a5"
  dependencies:
    babel-runtime "^6.23.0"
    harden "^0.21.0"
    kount "^0.10.0"

center-align@^0.1.1:
  version "0.1.3"
  resolved "https://registry.yarnpkg.com/center-align/-/center-align-0.1.3.tgz#aa0d32629b6ee972200411cbd4461c907bc2b7ad"
  dependencies:
    align-text "^0.1.3"
    lazy-cache "^1.0.3"

chalk@^1.1.3:
  version "1.1.3"
  resolved "https://registry.yarnpkg.com/chalk/-/chalk-1.1.3.tgz#a8115c55e4a702fe4d150abd3872822a7e09fc98"
  dependencies:
    ansi-styles "^2.2.1"
    escape-string-regexp "^1.0.2"
    has-ansi "^2.0.0"
    strip-ansi "^3.0.0"
    supports-color "^2.0.0"

circular-json@^0.3.1:
  version "0.3.1"
  resolved "https://registry.yarnpkg.com/circular-json/-/circular-json-0.3.1.tgz#be8b36aefccde8b3ca7aa2d6afc07a37242c0d2d"

clazof@^0.21.0:
  version "0.21.0"
  resolved "https://registry.yarnpkg.com/clazof/-/clazof-0.21.0.tgz#eeaebfcef46f8751788ba025753d638dcda22206"
  dependencies:
    babel-runtime "^6.23.0"
    falzy "^0.17.0"
    portel "^0.3.0"
    protype "^0.21.0"
    raze "^0.25.0"
    stringe "^0.2.0"
    wauker "^0.8.0"

cliui@^2.1.0:
  version "2.1.0"
  resolved "https://registry.yarnpkg.com/cliui/-/cliui-2.1.0.tgz#4b475760ff80264c762c3a1719032e91c7fea0d1"
  dependencies:
    center-align "^0.1.1"
    right-align "^0.1.1"
    wordwrap "0.0.2"

clone@^1.0.2:
  version "1.0.2"
  resolved "https://registry.yarnpkg.com/clone/-/clone-1.0.2.tgz#260b7a99ebb1edfe247538175f783243cb19d149"

cobralize@^0.13.0:
  version "0.13.0"
  resolved "https://registry.yarnpkg.com/cobralize/-/cobralize-0.13.0.tgz#d430dbdc0702aca889df50c7812f14a71c5a5283"
  dependencies:
    babel-runtime "^6.23.0"
    disdo "^0.13.0"
    falzy "^0.17.0"
    protype "^0.21.0"

content-disposition@0.5.2:
  version "0.5.2"
  resolved "https://registry.yarnpkg.com/content-disposition/-/content-disposition-0.5.2.tgz#0cf68bb9ddf5f2be7961c3a85178cb85dba78cb4"

content-type@~1.0.2:
  version "1.0.2"
  resolved "https://registry.yarnpkg.com/content-type/-/content-type-1.0.2.tgz#b7d113aee7a8dd27bd21133c4dc2529df1721eed"

cookie-signature@1.0.6:
  version "1.0.6"
  resolved "https://registry.yarnpkg.com/cookie-signature/-/cookie-signature-1.0.6.tgz#e303a882b342cc3ee8ca513a79999734dab3ae2c"

cookie@0.3.1:
  version "0.3.1"
  resolved "https://registry.yarnpkg.com/cookie/-/cookie-0.3.1.tgz#e7e0a1f9ef43b4c8ba925c5c5a96e806d16873bb"

core-js@^1.1.1:
  version "1.2.7"
  resolved "https://registry.yarnpkg.com/core-js/-/core-js-1.2.7.tgz#652294c14651db28fa93bd2d5ff2983a4f08c636"

core-js@^2.4.0:
  version "2.4.1"
  resolved "https://registry.yarnpkg.com/core-js/-/core-js-2.4.1.tgz#4de911e667b0eae9124e34254b53aea6fc618d3e"

cuid@^1.3.8:
  version "1.3.8"
  resolved "https://registry.yarnpkg.com/cuid/-/cuid-1.3.8.tgz#4b875e0969bad764f7ec0706cf44f5fb0831f6b7"
  dependencies:
    browser-fingerprint "0.0.1"
    core-js "^1.1.1"
    node-fingerprint "0.0.2"

debug@2.6.1:
  version "2.6.1"
  resolved "https://registry.yarnpkg.com/debug/-/debug-2.6.1.tgz#79855090ba2c4e3115cc7d8769491d58f0491351"
  dependencies:
    ms "0.7.2"

debug@2.6.3:
  version "2.6.3"
  resolved "https://registry.yarnpkg.com/debug/-/debug-2.6.3.tgz#0f7eb8c30965ec08c72accfa0130c8b79984141d"
  dependencies:
    ms "0.7.2"

decamelize@^1.0.0:
  version "1.2.0"
  resolved "https://registry.yarnpkg.com/decamelize/-/decamelize-1.2.0.tgz#f6534d15148269b20352e7bee26f501f9a191290"

decrease@^0.20.0:
  version "0.20.0"
  resolved "https://registry.yarnpkg.com/decrease/-/decrease-0.20.0.tgz#50a4be565d3971bf20b24c764f6cfa61038af117"
  dependencies:
    arkount "^0.5.0"
    babel-runtime "^6.23.0"
    doubt "^0.24.0"
    falzy "^0.17.0"
    protype "^0.21.0"
    raze "^0.25.0"
    truly "^0.17.0"

defaults@^1.0.3:
  version "1.0.3"
  resolved "https://registry.yarnpkg.com/defaults/-/defaults-1.0.3.tgz#c656051e9817d9ff08ed881477f3fe4019f3ef7d"
  dependencies:
    clone "^1.0.2"

depd@1.1.0, depd@~1.1.0:
  version "1.1.0"
  resolved "https://registry.yarnpkg.com/depd/-/depd-1.1.0.tgz#e1bd82c6aab6ced965b97b88b17ed3e528ca18c3"

dephall@^0.24.0:
  version "0.24.0"
  resolved "https://registry.yarnpkg.com/dephall/-/dephall-0.24.0.tgz#eed62a10b2224e0a2f49a93c37883acf9895fdfe"
  dependencies:
    arid "^0.23.0"
    babel-runtime "^6.23.0"
    doubt "^0.24.0"
    falze "^0.20.0"
    harden "^0.21.0"
    leveld "^0.0.0"
    pyck "^0.22.0"
    raze "^0.25.0"
    truly "^0.17.0"
    zelf "^0.11.0"

depher@^0.26.0:
  version "0.26.0"
  resolved "https://registry.yarnpkg.com/depher/-/depher-0.26.0.tgz#41d516b4365e37c66c08d9bd002d1ba22cdda654"
  dependencies:
    babel-runtime "^6.23.0"
    dephall "^0.24.0"
    doubt "^0.24.0"
    falze "^0.20.0"
    harden "^0.21.0"
    raze "^0.25.0"
    zelf "^0.11.0"

destroy@~1.0.4:
  version "1.0.4"
  resolved "https://registry.yarnpkg.com/destroy/-/destroy-1.0.4.tgz#978857442c44749e4206613e37946205826abd80"

dexist@^0.10.0:
  version "0.10.0"
  resolved "https://registry.yarnpkg.com/dexist/-/dexist-0.10.0.tgz#59e75ed9698666318ce006860a5d6dcce7e5a678"
  dependencies:
    called "^0.21.0"
    falzy "^0.17.0"
    numric "^0.12.0"
    pedon "^0.12.0"
    protype "^0.21.0"
    snapd "^0.19.0"
    zelf "^0.11.0"

diatom@^0.20.0:
  version "0.20.0"
  resolved "https://registry.yarnpkg.com/diatom/-/diatom-0.20.0.tgz#d039ad071c6d0bf9f0b66e4b63c1dda33d957afb"
  dependencies:
    arid "^0.23.0"
    babel-runtime "^6.23.0"
    budge "^0.21.0"
    falzy "^0.17.0"
    harden "^0.21.0"
    komento "^0.22.0"
    llamalize "^0.13.0"
    protype "^0.21.0"

disdo@^0.13.0:
  version "0.13.0"
  resolved "https://registry.yarnpkg.com/disdo/-/disdo-0.13.0.tgz#cb999e639218aa2265e8c0bd8632337dd1c55418"
  dependencies:
    babel-runtime "^6.23.0"
    falzy "^0.17.0"
    protype "^0.21.0"

doubt@^0.24.0:
  version "0.24.0"
  resolved "https://registry.yarnpkg.com/doubt/-/doubt-0.24.0.tgz#6bdcf6d1b6a9b16ae74d77ebba86edd023c2deeb"
  dependencies:
    babel-runtime "^6.23.0"
    cemento "^0.15.0"
    circular-json "^0.3.1"
    falzy "^0.17.0"
    harden "^0.21.0"
    khount "^0.0.0"
    protype "^0.21.0"
    stringe "^0.2.0"

ee-first@1.1.1:
  version "1.1.1"
  resolved "https://registry.yarnpkg.com/ee-first/-/ee-first-1.1.1.tgz#590c61156b0ae2f4f0255732a158b266bc56b21d"

een@^0.16.0:
  version "0.16.0"
  resolved "https://registry.yarnpkg.com/een/-/een-0.16.0.tgz#2f115d2f1377e18327f897386cd447e7d2cb7de2"
  dependencies:
    babel-runtime "^6.23.0"
    doubt "^0.24.0"
    eqe "^0.0.0"
    protype "^0.21.0"
    raze "^0.25.0"
    truly "^0.17.0"

empt@^0.20.0:
  version "0.20.0"
  resolved "https://registry.yarnpkg.com/empt/-/empt-0.20.0.tgz#cb943382259d232086a5fe5810be15df2a9bada5"
  dependencies:
    babel-runtime "^6.23.0"
    doubt "^0.24.0"
    kount "^0.10.0"
    protype "^0.21.0"

encodeurl@~1.0.1:
  version "1.0.1"
  resolved "https://registry.yarnpkg.com/encodeurl/-/encodeurl-1.0.1.tgz#79e3d58655346909fe6f0f45a5de68103b294d20"

eqe@^0.0.0:
  version "0.0.0"
  resolved "https://registry.yarnpkg.com/eqe/-/eqe-0.0.0.tgz#320d21897a2cd4d870adc9f30a9fb4de2fe82a8d"
  dependencies:
    babel-runtime "^6.23.0"
    nafe "^0.0.0"
    protype "^0.21.0"
    stringe "^0.2.0"

escape-html@~1.0.3:
  version "1.0.3"
  resolved "https://registry.yarnpkg.com/escape-html/-/escape-html-1.0.3.tgz#0258eae4d3d0c0974de1c169188ef0051d1d1988"

escape-string-regexp@^1.0.2:
  version "1.0.5"
  resolved "https://registry.yarnpkg.com/escape-string-regexp/-/escape-string-regexp-1.0.5.tgz#1b61c0562190a8dff6ae3bb2cf0200ca130b86d4"

etag@~1.8.0:
  version "1.8.0"
  resolved "https://registry.yarnpkg.com/etag/-/etag-1.8.0.tgz#6f631aef336d6c46362b51764044ce216be3c051"

ethernity@^0.17.0:
  version "0.17.0"
  resolved "https://registry.yarnpkg.com/ethernity/-/ethernity-0.17.0.tgz#6d6811eafb153c16607d26243bff325da8e054f3"
  dependencies:
    babel-runtime "^6.23.0"
    clazof "^0.21.0"
    depher "^0.26.0"
    diatom "^0.20.0"
    doubt "^0.24.0"
    falze "^0.20.0"
    falzy "^0.17.0"
    harden "^0.21.0"
    moment "^2.18.1"
    optfor "^0.21.0"
    protype "^0.21.0"
    raze "^0.25.0"
    stringe "^0.2.0"
    truly "^0.17.0"
    u200b "^0.21.0"

exorcise@^0.13.0:
  version "0.13.0"
  resolved "https://registry.yarnpkg.com/exorcise/-/exorcise-0.13.0.tgz#249140e4c739efff4b6e9751f9152319a7af7a0b"
  dependencies:
    called "^0.21.0"
    falzy "^0.17.0"
    protype "^0.21.0"
    zelf "^0.11.0"

express-rate-limit@^2.6.0:
  version "2.6.0"
  resolved "https://registry.yarnpkg.com/express-rate-limit/-/express-rate-limit-2.6.0.tgz#ecd359e15aa7f596dc80a604555765c02a3b2436"
  dependencies:
    defaults "^1.0.3"

express@^4.15.2:
  version "4.15.2"
  resolved "https://registry.yarnpkg.com/express/-/express-4.15.2.tgz#af107fc148504457f2dca9a6f2571d7129b97b35"
  dependencies:
    accepts "~1.3.3"
    array-flatten "1.1.1"
    content-disposition "0.5.2"
    content-type "~1.0.2"
    cookie "0.3.1"
    cookie-signature "1.0.6"
    debug "2.6.1"
    depd "~1.1.0"
    encodeurl "~1.0.1"
    escape-html "~1.0.3"
    etag "~1.8.0"
    finalhandler "~1.0.0"
    fresh "0.5.0"
    merge-descriptors "1.0.1"
    methods "~1.1.2"
    on-finished "~2.3.0"
    parseurl "~1.3.1"
    path-to-regexp "0.1.7"
    proxy-addr "~1.1.3"
    qs "6.4.0"
    range-parser "~1.2.0"
    send "0.15.1"
    serve-static "1.12.1"
    setprototypeof "1.0.3"
    statuses "~1.3.1"
    type-is "~1.6.14"
    utils-merge "1.0.0"
    vary "~1.1.0"

falze@^0.20.0:
  version "0.20.0"
  resolved "https://registry.yarnpkg.com/falze/-/falze-0.20.0.tgz#49366885d03e22b68c59175ece0f13871e878bda"
  dependencies:
    arid "^0.23.0"
    babel-runtime "^6.23.0"
    doubt "^0.24.0"
    empt "^0.20.0"
    falzy "^0.17.0"
    protype "^0.21.0"

falzy@^0.17.0:
  version "0.17.0"
  resolved "https://registry.yarnpkg.com/falzy/-/falzy-0.17.0.tgz#228535d605ae8d1a0ccd44f185d7534636a166fe"
  dependencies:
    babel-runtime "^6.23.0"
    protype "^0.21.0"

filled@^0.19.0:
  version "0.19.0"
  resolved "https://registry.yarnpkg.com/filled/-/filled-0.19.0.tgz#8666ff90b37214ddbe6bce3bda0e77a678de1bf6"
  dependencies:
    arkount "^0.5.0"
    babel-runtime "^6.23.0"
    doubt "^0.24.0"

finalhandler@~1.0.0:
  version "1.0.1"
  resolved "https://registry.yarnpkg.com/finalhandler/-/finalhandler-1.0.1.tgz#bcd15d1689c0e5ed729b6f7f541a6df984117db8"
  dependencies:
    debug "2.6.3"
    encodeurl "~1.0.1"
    escape-html "~1.0.3"
    on-finished "~2.3.0"
    parseurl "~1.3.1"
    statuses "~1.3.1"
    unpipe "~1.0.0"

forwarded@~0.1.0:
  version "0.1.0"
  resolved "https://registry.yarnpkg.com/forwarded/-/forwarded-0.1.0.tgz#19ef9874c4ae1c297bcf078fde63a09b66a84363"

fresh@0.5.0:
  version "0.5.0"
  resolved "https://registry.yarnpkg.com/fresh/-/fresh-0.5.0.tgz#f474ca5e6a9246d6fd8e0953cfa9b9c805afa78e"

glucose@^0.19.0:
  version "0.19.0"
  resolved "https://registry.yarnpkg.com/glucose/-/glucose-0.19.0.tgz#c7add581bcae543732151d5113456407e53cb7e8"
  dependencies:
    babel-runtime "^6.23.0"
    clazof "^0.21.0"
    diatom "^0.20.0"
    falze "^0.20.0"
    falzy "^0.17.0"
    harden "^0.21.0"
    kein "^0.16.0"
    proplist "^0.20.0"
    protype "^0.21.0"
    stuffed "^0.20.0"
    transpher "^0.17.0"
    truly "^0.17.0"
    wichevr "^0.7.0"
    wichis "^0.11.0"
    zelf "^0.11.0"

handlebars@^4.0.6:
  version "4.0.6"
  resolved "https://registry.yarnpkg.com/handlebars/-/handlebars-4.0.6.tgz#2ce4484850537f9c97a8026d5399b935c4ed4ed7"
  dependencies:
    async "^1.4.0"
    optimist "^0.6.1"
    source-map "^0.4.4"
  optionalDependencies:
    uglify-js "^2.6"

harden@^0.21.0:
  version "0.21.0"
  resolved "https://registry.yarnpkg.com/harden/-/harden-0.21.0.tgz#c3ca5e255e440fc5e6e996acb21515bb892bff49"
  dependencies:
    babel-runtime "^6.23.0"

has-ansi@^2.0.0:
  version "2.0.0"
  resolved "https://registry.yarnpkg.com/has-ansi/-/has-ansi-2.0.0.tgz#34f5049ce1ecdf2b0649af3ef24e45ed35416d91"
  dependencies:
    ansi-regex "^2.0.0"

heredito@^0.26.0:
  version "0.26.0"
  resolved "https://registry.yarnpkg.com/heredito/-/heredito-0.26.0.tgz#d89e0601232018d5580e1a15cf8397eeb7d351a6"
  dependencies:
    arkount "^0.5.0"
    ate "^0.15.0"
    babel-runtime "^6.23.0"
    protype "^0.21.0"
    raze "^0.25.0"

http-errors@~1.6.1:
  version "1.6.1"
  resolved "https://registry.yarnpkg.com/http-errors/-/http-errors-1.6.1.tgz#5f8b8ed98aca545656bf572997387f904a722257"
  dependencies:
    depd "1.1.0"
    inherits "2.0.3"
    setprototypeof "1.0.3"
    statuses ">= 1.3.1 < 2"

impel@^0.11.0:
  version "0.11.0"
  resolved "https://registry.yarnpkg.com/impel/-/impel-0.11.0.tgz#d58eaab51f45468dd496cb278e3eff21b1c5a4d7"
  dependencies:
    babel-runtime "^6.23.0"
    falzy "^0.17.0"
    protype "^0.21.0"
    zelf "^0.11.0"

inherits@2.0.3:
  version "2.0.3"
  resolved "https://registry.yarnpkg.com/inherits/-/inherits-2.0.3.tgz#633c2c83e3da42a502f52466022480f4208261de"

ipaddr.js@1.3.0:
  version "1.3.0"
  resolved "https://registry.yarnpkg.com/ipaddr.js/-/ipaddr.js-1.3.0.tgz#1e03a52fdad83a8bbb2b25cbf4998b4cffcd3dec"

is-buffer@^1.0.2:
  version "1.1.5"
  resolved "https://registry.yarnpkg.com/is-buffer/-/is-buffer-1.1.5.tgz#1f3b26ef613b214b88cbca23cc6c01d87961eecc"

kein@^0.16.0:
  version "0.16.0"
  resolved "https://registry.yarnpkg.com/kein/-/kein-0.16.0.tgz#c2307990b655f395e2aba61022ef2078fa8b0cc8"
  dependencies:
    babel-runtime "^6.23.0"
    falzy "^0.17.0"
    portel "^0.3.0"
    protype "^0.21.0"
    zelf "^0.11.0"

kept@^0.17.0:
  version "0.17.0"
  resolved "https://registry.yarnpkg.com/kept/-/kept-0.17.0.tgz#59f688aa1440ce8a5c0f88e7fa440c3ee356889a"
  dependencies:
    depher "^0.26.0"
    falzy "^0.17.0"
    harden "^0.21.0"
    letgo "^0.25.0"
    protype "^0.21.0"
    raze "^0.25.0"
    zelf "^0.11.0"

khount@^0.0.0:
  version "0.0.0"
  resolved "https://registry.yarnpkg.com/khount/-/khount-0.0.0.tgz#7c7f369ae5d0ef5499dca14eeb168bb4b4b29e6d"
  dependencies:
    babel-runtime "^6.23.0"

kind-of@^3.0.2:
  version "3.1.0"
  resolved "https://registry.yarnpkg.com/kind-of/-/kind-of-3.1.0.tgz#475d698a5e49ff5e53d14e3e732429dc8bf4cf47"
  dependencies:
    is-buffer "^1.0.2"

kloak@^0.14.0:
  version "0.14.0"
  resolved "https://registry.yarnpkg.com/kloak/-/kloak-0.14.0.tgz#bf9d898a6a96e833c4ee34abd30b31b6e3cbbd0c"
  dependencies:
    ate "^0.15.0"
    babel-runtime "^6.23.0"
    cobralize "^0.13.0"
    falzy "^0.17.0"
    harden "^0.21.0"
    kein "^0.16.0"
    protype "^0.21.0"
    transpher "^0.17.0"
    truly "^0.17.0"

komento@^0.22.0:
  version "0.22.0"
  resolved "https://registry.yarnpkg.com/komento/-/komento-0.22.0.tgz#9876fac3f3862b9763278ba10f0a1aa3af717d93"
  dependencies:
    babel-runtime "^6.23.0"
    depher "^0.26.0"
    falzy "^0.17.0"
    handlebars "^4.0.6"
    protype "^0.21.0"
    realign "^0.14.0"
    stringe "^0.2.0"
    stuffed "^0.20.0"
    truly "^0.17.0"
    wichevr "^0.7.0"

kount@^0.10.0:
  version "0.10.0"
  resolved "https://registry.yarnpkg.com/kount/-/kount-0.10.0.tgz#92f6dc18a5c8e8844e29a93aec268b58ad92f53b"
  dependencies:
    babel-runtime "^6.23.0"

krumb@^0.2.0:
  version "0.2.0"
  resolved "https://registry.yarnpkg.com/krumb/-/krumb-0.2.0.tgz#d562ebdcfc295aaf770151d11699bd82a8ae99d0"
  dependencies:
    babel-runtime "^6.23.0"

kurse@^0.11.0:
  version "0.11.0"
  resolved "https://registry.yarnpkg.com/kurse/-/kurse-0.11.0.tgz#27e1aafcdbde02274c6b2218b5687366f1cd0643"
  dependencies:
    babel-runtime "^6.23.0"
    cuid "^1.3.8"
    een "^0.16.0"
    harden "^0.21.0"
    kein "^0.16.0"
    protype "^0.21.0"
    truly "^0.17.0"

lazy-cache@^1.0.3:
  version "1.0.4"
  resolved "https://registry.yarnpkg.com/lazy-cache/-/lazy-cache-1.0.4.tgz#a1d78fc3a50474cb80845d3b3b6e1da49a446e8e"

letgo@^0.25.0:
  version "0.25.0"
  resolved "https://registry.yarnpkg.com/letgo/-/letgo-0.25.0.tgz#151c9f8851c29d5fb1a22e5c441df777cddcd639"
  dependencies:
    arid "^0.23.0"
    babel-runtime "^6.23.0"
    budge "^0.21.0"
    called "^0.21.0"
    depher "^0.26.0"
    filled "^0.19.0"
    harden "^0.21.0"
    protype "^0.21.0"
    truly "^0.17.0"
    zelf "^0.11.0"

leveld@^0.0.0:
  version "0.0.0"
  resolved "https://registry.yarnpkg.com/leveld/-/leveld-0.0.0.tgz#217616e9455ad1a4a867fef8d45e0b4382894602"
  dependencies:
    arid "^0.23.0"
    babel-runtime "^6.23.0"
    decrease "^0.20.0"
    doubt "^0.24.0"
    falzy "^0.17.0"
    protype "^0.21.0"
    raze "^0.25.0"

lilfy@^0.10.0:
  version "0.10.0"
  resolved "https://registry.yarnpkg.com/lilfy/-/lilfy-0.10.0.tgz#d2ea8ac144de80c0498fd017dc42d9aac7243294"
  dependencies:
    babel-runtime "^6.23.0"
    falzy "^0.17.0"
    harden "^0.21.0"
    lz-string "^1.4.4"
    protype "^0.21.0"
    sxty4 "^0.8.0"

lire@^0.9.0:
  version "0.9.0"
  resolved "https://registry.yarnpkg.com/lire/-/lire-0.9.0.tgz#0e32b187910e87acf74454a116c80a04e0c4832c"
  dependencies:
    falzy "^0.17.0"
    kept "^0.17.0"
    letgo "^0.25.0"
    protype "^0.21.0"
    zelf "^0.11.0"

llamalize@^0.13.0:
  version "0.13.0"
  resolved "https://registry.yarnpkg.com/llamalize/-/llamalize-0.13.0.tgz#a56165f68689cc5ebf5f18a081a560c835b2c9e9"
  dependencies:
    babel-runtime "^6.23.0"
    falzy "^0.17.0"
    protype "^0.21.0"
    titlelize "^0.14.0"

longest@^1.0.1:
  version "1.0.1"
  resolved "https://registry.yarnpkg.com/longest/-/longest-1.0.1.tgz#30a0b2da38f73770e8294a0d22e6625ed77d0097"

longjohn@^0.2.12:
  version "0.2.12"
  resolved "https://registry.yarnpkg.com/longjohn/-/longjohn-0.2.12.tgz#7ca7446b083655c377e7512213dc754d52a64a7e"
  dependencies:
    source-map-support "0.3.2 - 1.0.0"

lz-string@^1.4.4:
  version "1.4.4"
  resolved "https://registry.yarnpkg.com/lz-string/-/lz-string-1.4.4.tgz#c0d8eaf36059f705796e1e344811cf4c498d3a26"

media-typer@0.3.0:
  version "0.3.0"
  resolved "https://registry.yarnpkg.com/media-typer/-/media-typer-0.3.0.tgz#8710d7af0aa626f8fffa1ce00168545263255748"

meek@^0.12.0:
  version "0.12.0"
  resolved "https://registry.yarnpkg.com/meek/-/meek-0.12.0.tgz#0f1fcfc2bbd057dadcd23102a73ba0aafc17144c"
  dependencies:
    asea "^0.13.0"
    babel-runtime "^6.23.0"
    called "^0.21.0"
    clazof "^0.21.0"
    harden "^0.21.0"
    offcache "^0.9.0"
    protype "^0.21.0"

merge-descriptors@1.0.1:
  version "1.0.1"
  resolved "https://registry.yarnpkg.com/merge-descriptors/-/merge-descriptors-1.0.1.tgz#b00aaa556dd8b44568150ec9d1b953f3f90cbb61"

methods@~1.1.2:
  version "1.1.2"
  resolved "https://registry.yarnpkg.com/methods/-/methods-1.1.2.tgz#5529a4d67654134edcc5266656835b0f851afcee"

meto@^0.19.0:
  version "0.19.0"
  resolved "https://registry.yarnpkg.com/meto/-/meto-0.19.0.tgz#0e35cd4f02b1a75e26031dc2e501f5dccc1f5a21"
  dependencies:
    babel-runtime "^6.23.0"
    cemento "^0.15.0"
    diatom "^0.20.0"
    falzy "^0.17.0"
    kein "^0.16.0"
    protype "^0.21.0"
    wichevr "^0.7.0"
    zelf "^0.11.0"

mime-db@~1.27.0:
  version "1.27.0"
  resolved "https://registry.yarnpkg.com/mime-db/-/mime-db-1.27.0.tgz#820f572296bbd20ec25ed55e5b5de869e5436eb1"

mime-types@~2.1.11, mime-types@~2.1.15:
  version "2.1.15"
  resolved "https://registry.yarnpkg.com/mime-types/-/mime-types-2.1.15.tgz#a4ebf5064094569237b8cf70046776d09fc92aed"
  dependencies:
    mime-db "~1.27.0"

mime@1.3.4:
  version "1.3.4"
  resolved "https://registry.yarnpkg.com/mime/-/mime-1.3.4.tgz#115f9e3b6b3daf2959983cb38f149a2d40eb5d53"

minimist@~0.0.1:
  version "0.0.10"
  resolved "https://registry.yarnpkg.com/minimist/-/minimist-0.0.10.tgz#de3f98543dbf96082be48ad1a0c7cda836301dcf"

moment@^2.18.1:
  version "2.29.4"
  resolved "https://registry.yarnpkg.com/moment/-/moment-2.29.4.tgz#3dbe052889fe7c1b2ed966fcb3a77328964ef108"

ms@0.7.2:
  version "0.7.2"
  resolved "https://registry.yarnpkg.com/ms/-/ms-0.7.2.tgz#ae25cf2512b3885a1d95d7f037868d8431124765"

nafe@^0.0.0:
  version "0.0.0"
  resolved "https://registry.yarnpkg.com/nafe/-/nafe-0.0.0.tgz#ac3e9faf6bcdbd7613d6cb2faebb01e831d3dc4a"
  dependencies:
    babel-runtime "^6.23.0"
    falzy "^0.17.0"
    protype "^0.21.0"
    stringe "^0.2.0"

negotiator@0.6.1:
  version "0.6.1"
  resolved "https://registry.yarnpkg.com/negotiator/-/negotiator-0.6.1.tgz#2b327184e8992101177b28563fb5e7102acd0ca9"

node-fingerprint@0.0.2:
  version "0.0.2"
  resolved "https://registry.yarnpkg.com/node-fingerprint/-/node-fingerprint-0.0.2.tgz#31cbabeb71a67ae7dd5a7dc042e51c3c75868501"

numric@^0.12.0:
  version "0.12.0"
  resolved "https://registry.yarnpkg.com/numric/-/numric-0.12.0.tgz#d1957710c845976b702579bc17e37688df471c05"
  dependencies:
    babel-runtime "^6.23.0"
    protype "^0.21.0"
    stringe "^0.2.0"
    truly "^0.17.0"

offcache@^0.9.0:
  version "0.9.0"
  resolved "https://registry.yarnpkg.com/offcache/-/offcache-0.9.0.tgz#ef4ae4c1394ebc6ba96b424c39b9aad4a6a9f49a"
  dependencies:
    clazof "^0.21.0"
    falze "^0.20.0"
    protype "^0.21.0"

olivant@^0.23.0:
  version "0.23.0"
  resolved "https://registry.yarnpkg.com/olivant/-/olivant-0.23.0.tgz#99b4a2bea08dc8b4d4023aa363d140273855b666"
  dependencies:
    arid "^0.23.0"
    asea "^0.13.0"
    babel-runtime "^6.23.0"
    blacksea "^0.12.0"
    bluesea "^0.6.0"
    budge "^0.21.0"
    called "^0.21.0"
    chalk "^1.1.3"
    clazof "^0.21.0"
    dexist "^0.10.0"
    diatom "^0.20.0"
    doubt "^0.24.0"
    ethernity "^0.17.0"
    falze "^0.20.0"
    falzy "^0.17.0"
    filled "^0.19.0"
    glucose "^0.19.0"
    harden "^0.21.0"
    heredito "^0.26.0"
    kein "^0.16.0"
    longjohn "^0.2.12"
    meek "^0.12.0"
    outre "^0.16.0"
    plough "^0.22.0"
    protype "^0.21.0"
    raze "^0.25.0"
    redsea "^0.12.0"
    segway "^0.15.0"
    snapd "^0.19.0"
    stack-trace "^0.0.9"
    stringe "^0.2.0"
    symbiote "^0.14.0"
    truly "^0.17.0"
    truu "^0.23.0"
    u200b "^0.21.0"

on-finished@~2.3.0:
  version "2.3.0"
  resolved "https://registry.yarnpkg.com/on-finished/-/on-finished-2.3.0.tgz#20f1336481b083cd75337992a16971aa2d906947"
  dependencies:
    ee-first "1.1.1"

optall@^0.16.0:
  version "0.16.0"
  resolved "https://registry.yarnpkg.com/optall/-/optall-0.16.0.tgz#f278d99faeeae1bfc3b5bbc3d0c9047f969e26be"
  dependencies:
    babel-runtime "^6.23.0"
    doubt "^0.24.0"
    falze "^0.20.0"
    harden "^0.21.0"
    protype "^0.21.0"
    pyck "^0.22.0"
    zelf "^0.11.0"

optfor@^0.21.0:
  version "0.21.0"
  resolved "https://registry.yarnpkg.com/optfor/-/optfor-0.21.0.tgz#826b08831d72c9437180350e0400184beaff239f"
  dependencies:
    babel-runtime "^6.23.0"
    doubt "^0.24.0"
    falze "^0.20.0"
    harden "^0.21.0"
    optall "^0.16.0"
    protype "^0.21.0"
    zelf "^0.11.0"

optimist@^0.6.1:
  version "0.6.1"
  resolved "https://registry.yarnpkg.com/optimist/-/optimist-0.6.1.tgz#da3ea74686fa21a19a111c326e90eb15a0196686"
  dependencies:
    minimist "~0.0.1"
    wordwrap "~0.0.2"

outre@^0.16.0:
  version "0.16.0"
  resolved "https://registry.yarnpkg.com/outre/-/outre-0.16.0.tgz#ca0666315dec5c391d224e9ee85729e410bcd1dd"
  dependencies:
    babel-runtime "^6.23.0"
    doubt "^0.24.0"
    harden "^0.21.0"
    protype "^0.21.0"
    truly "^0.17.0"

parseon@^0.6.0:
  version "0.6.0"
  resolved "https://registry.yarnpkg.com/parseon/-/parseon-0.6.0.tgz#3ce2c22e7bdb87b8ca71a90974d4c2c4839039c2"
  dependencies:
    babel-runtime "^6.23.0"
    circular-json "^0.3.1"
    krumb "^0.2.0"
    protype "^0.21.0"

parseurl@~1.3.1:
  version "1.3.1"
  resolved "https://registry.yarnpkg.com/parseurl/-/parseurl-1.3.1.tgz#c8ab8c9223ba34888aa64a297b28853bec18da56"

path-to-regexp@0.1.7:
  version "0.1.7"
  resolved "https://registry.yarnpkg.com/path-to-regexp/-/path-to-regexp-0.1.7.tgz#df604178005f522f15eb4490e7247a1bfaa67f8c"

pedon@^0.12.0:
  version "0.12.0"
  resolved "https://registry.yarnpkg.com/pedon/-/pedon-0.12.0.tgz#887f8dc17e54ba7591eee6c30140d3877d46335c"
  dependencies:
    cobralize "^0.13.0"
    harden "^0.21.0"
    protype "^0.21.0"
    shardize "^0.14.0"

plough@^0.22.0:
  version "0.22.0"
  resolved "https://registry.yarnpkg.com/plough/-/plough-0.22.0.tgz#f4ef80c0c51e967081dcbf78c70a3770b2f2e7e1"
  dependencies:
    arid "^0.23.0"
    babel-runtime "^6.23.0"
    decrease "^0.20.0"
    doubt "^0.24.0"
    raze "^0.25.0"

portel@^0.3.0:
  version "0.3.0"
  resolved "https://registry.yarnpkg.com/portel/-/portel-0.3.0.tgz#532b5817ce5c1697fc65e34ca7eadb28c8e6152c"
  dependencies:
    babel-runtime "^6.23.0"
    protype "^0.21.0"

pringe@^0.9.0:
  version "0.9.0"
  resolved "https://registry.yarnpkg.com/pringe/-/pringe-0.9.0.tgz#c54c9093f4fb737fbda828797dd08d4d429e864d"
  dependencies:
    babel-runtime "^6.23.0"
    kurse "^0.11.0"
    plough "^0.22.0"
    stringe "^0.2.0"
    sxty4 "^0.8.0"
    truly "^0.17.0"
    zelf "^0.11.0"

proplist@^0.20.0:
  version "0.20.0"
  resolved "https://registry.yarnpkg.com/proplist/-/proplist-0.20.0.tgz#16d55afb24c41dfa40a5d96f50e168010dfb7d66"
  dependencies:
    babel-runtime "^6.23.0"
    clazof "^0.21.0"
    meto "^0.19.0"
    repram "^0.6.0"

protease@^0.15.0:
  version "0.15.0"
  resolved "https://registry.yarnpkg.com/protease/-/protease-0.15.0.tgz#f0a2522796b4a2e11c010226df2bc52051695624"
  dependencies:
    babel-runtime "^6.23.0"
    falzy "^0.17.0"
    harden "^0.21.0"
    kein "^0.16.0"
    protype "^0.21.0"

protype@^0.21.0:
  version "0.21.0"
  resolved "https://registry.yarnpkg.com/protype/-/protype-0.21.0.tgz#958452abbaa6daaa8e79386179b220477e2dca7c"
  dependencies:
    babel-runtime "^6.23.0"
    cemento "^0.15.0"
    harden "^0.21.0"

proxy-addr@~1.1.3:
  version "1.1.4"
  resolved "https://registry.yarnpkg.com/proxy-addr/-/proxy-addr-1.1.4.tgz#27e545f6960a44a627d9b44467e35c1b6b4ce2f3"
  dependencies:
    forwarded "~0.1.0"
    ipaddr.js "1.3.0"

pyck@^0.22.0:
  version "0.22.0"
  resolved "https://registry.yarnpkg.com/pyck/-/pyck-0.22.0.tgz#79ce1e85c9a69e27b328124d4a822b57b72d6526"
  dependencies:
    babel-runtime "^6.23.0"
    clazof "^0.21.0"
    doubt "^0.24.0"
    falzy "^0.17.0"
    harden "^0.21.0"
    protype "^0.21.0"
    raze "^0.25.0"
    truly "^0.17.0"
    zelf "^0.11.0"

qs@6.4.0:
  version "6.4.0"
  resolved "https://registry.yarnpkg.com/qs/-/qs-6.4.0.tgz#13e26d28ad6b0ffaa91312cd3bf708ed351e7233"

range-parser@~1.2.0:
  version "1.2.0"
  resolved "https://registry.yarnpkg.com/range-parser/-/range-parser-1.2.0.tgz#f49be6b487894ddc40dcc94a322f611092e00d5e"

raze@^0.25.0:
  version "0.25.0"
  resolved "https://registry.yarnpkg.com/raze/-/raze-0.25.0.tgz#75752b799cae83014e98aaf03d2913ce996b12c5"
  dependencies:
    babel-runtime "^6.23.0"
    doubt "^0.24.0"
    harden "^0.21.0"

realign@^0.14.0:
  version "0.14.0"
  resolved "https://registry.yarnpkg.com/realign/-/realign-0.14.0.tgz#ab1d45296dc26738ba67dc981458f48c00f860e8"
  dependencies:
    babel-runtime "^6.23.0"
    falzy "^0.17.0"
    protype "^0.21.0"
    truly "^0.17.0"
    wichevr "^0.7.0"

redsea@^0.12.0:
  version "0.12.0"
  resolved "https://registry.yarnpkg.com/redsea/-/redsea-0.12.0.tgz#be8dc095386f34344fc79c6f792ac797d8a03e49"
  dependencies:
    clazof "^0.21.0"
    exorcise "^0.13.0"
    falzy "^0.17.0"
    harden "^0.21.0"
    protype "^0.21.0"
    snapd "^0.19.0"

regenerator-runtime@^0.10.0:
  version "0.10.3"
  resolved "https://registry.yarnpkg.com/regenerator-runtime/-/regenerator-runtime-0.10.3.tgz#8c4367a904b51ea62a908ac310bf99ff90a82a3e"

repeat-string@^1.5.2:
  version "1.6.1"
  resolved "https://registry.yarnpkg.com/repeat-string/-/repeat-string-1.6.1.tgz#8dcae470e1c88abc2d600fff4a776286da75e637"

repram@^0.6.0:
  version "0.6.0"
  resolved "https://registry.yarnpkg.com/repram/-/repram-0.6.0.tgz#733380a0043293c7f269f01fb37540924f8f232b"
  dependencies:
    babel-runtime "^6.23.0"
    budge "^0.21.0"
    falzy "^0.17.0"
    optall "^0.16.0"
    protype "^0.21.0"
    zelf "^0.11.0"

right-align@^0.1.1:
  version "0.1.3"
  resolved "https://registry.yarnpkg.com/right-align/-/right-align-0.1.3.tgz#61339b722fe6a3515689210d24e14c96148613ef"
  dependencies:
    align-text "^0.1.1"

segway@^0.15.0:
  version "0.15.0"
  resolved "https://registry.yarnpkg.com/segway/-/segway-0.15.0.tgz#c4dc3452d8042dda2f07f9a8b1ceb167dfb0a383"
  dependencies:
    asea "^0.13.0"
    babel-runtime "^6.23.0"
    calcify "^0.7.0"
    clazof "^0.21.0"
    falze "^0.20.0"
    falzy "^0.17.0"
    lilfy "^0.10.0"
    protype "^0.21.0"
    truly "^0.17.0"
    truu "^0.23.0"

send@0.15.1:
  version "0.15.1"
  resolved "https://registry.yarnpkg.com/send/-/send-0.15.1.tgz#8a02354c26e6f5cca700065f5f0cdeba90ec7b5f"
  dependencies:
    debug "2.6.1"
    depd "~1.1.0"
    destroy "~1.0.4"
    encodeurl "~1.0.1"
    escape-html "~1.0.3"
    etag "~1.8.0"
    fresh "0.5.0"
    http-errors "~1.6.1"
    mime "1.3.4"
    ms "0.7.2"
    on-finished "~2.3.0"
    range-parser "~1.2.0"
    statuses "~1.3.1"

serve-static@1.12.1:
  version "1.12.1"
  resolved "https://registry.yarnpkg.com/serve-static/-/serve-static-1.12.1.tgz#7443a965e3ced647aceb5639fa06bf4d1bbe0039"
  dependencies:
    encodeurl "~1.0.1"
    escape-html "~1.0.3"
    parseurl "~1.3.1"
    send "0.15.1"

setprototypeof@1.0.3:
  version "1.0.3"
  resolved "https://registry.yarnpkg.com/setprototypeof/-/setprototypeof-1.0.3.tgz#66567e37043eeb4f04d91bd658c0cbefb55b8e04"

shardize@^0.14.0:
  version "0.14.0"
  resolved "https://registry.yarnpkg.com/shardize/-/shardize-0.14.0.tgz#e52e5ba9f8338d49d27f5d1acd2fc5a9ce718c0e"
  dependencies:
    babel-runtime "^6.23.0"
    disdo "^0.13.0"
    falzy "^0.17.0"
    protype "^0.21.0"

snapd@^0.19.0:
  version "0.19.0"
  resolved "https://registry.yarnpkg.com/snapd/-/snapd-0.19.0.tgz#ee7120d5d60bb31fccf833b11cc7e3207b757619"
  dependencies:
    asea "^0.13.0"
    babel-runtime "^6.23.0"
    budge "^0.21.0"
    harden "^0.21.0"
    impel "^0.11.0"
    kein "^0.16.0"
    letgo "^0.25.0"
    pringe "^0.9.0"
    protype "^0.21.0"
    truly "^0.17.0"
    zelf "^0.11.0"

"source-map-support@0.3.2 - 1.0.0":
  version "0.4.14"
  resolved "https://registry.yarnpkg.com/source-map-support/-/source-map-support-0.4.14.tgz#9d4463772598b86271b4f523f6c1f4e02a7d6aef"
  dependencies:
    source-map "^0.5.6"

source-map@^0.4.4:
  version "0.4.4"
  resolved "https://registry.yarnpkg.com/source-map/-/source-map-0.4.4.tgz#eba4f5da9c0dc999de68032d8b4f76173652036b"
  dependencies:
    amdefine ">=0.0.4"

source-map@^0.5.6, source-map@~0.5.1:
  version "0.5.6"
  resolved "https://registry.yarnpkg.com/source-map/-/source-map-0.5.6.tgz#75ce38f52bf0733c5a7f0c118d81334a2bb5f412"

stack-trace@^0.0.9:
  version "0.0.9"
  resolved "https://registry.yarnpkg.com/stack-trace/-/stack-trace-0.0.9.tgz#a8f6eaeca90674c333e7c43953f275b451510695"

"statuses@>= 1.3.1 < 2", statuses@~1.3.1:
  version "1.3.1"
  resolved "https://registry.yarnpkg.com/statuses/-/statuses-1.3.1.tgz#faf51b9eb74aaef3b3acf4ad5f61abf24cb7b93e"

stringe@^0.2.0:
  version "0.2.0"
  resolved "https://registry.yarnpkg.com/stringe/-/stringe-0.2.0.tgz#0e7dabe11258cdcf5d7e0ce5e4a1a9d043936a0e"
  dependencies:
    babel-runtime "^6.23.0"

strip-ansi@^3.0.0:
  version "3.0.1"
  resolved "https://registry.yarnpkg.com/strip-ansi/-/strip-ansi-3.0.1.tgz#6a385fb8853d952d5ff05d0e8aaf94278dc63dcf"
  dependencies:
    ansi-regex "^2.0.0"

stuffed@^0.20.0:
  version "0.20.0"
  resolved "https://registry.yarnpkg.com/stuffed/-/stuffed-0.20.0.tgz#e6fd20f947551aeb17feae74a74e8690b94631e3"
  dependencies:
    babel-runtime "^6.23.0"
    doubt "^0.24.0"
    kount "^0.10.0"
    protype "^0.21.0"
    truly "^0.17.0"

supports-color@^2.0.0:
  version "2.0.0"
  resolved "https://registry.yarnpkg.com/supports-color/-/supports-color-2.0.0.tgz#535d045ce6b6363fa40117084629995e9df324c7"

sxty4@^0.8.0:
  version "0.8.0"
  resolved "https://registry.yarnpkg.com/sxty4/-/sxty4-0.8.0.tgz#86c5fe76fbb8bfaf6518269f6c5d4d4f9a2ca8b9"
  dependencies:
    asea "^0.13.0"
    babel-runtime "^6.23.0"
    falzy "^0.17.0"
    harden "^0.21.0"
    protype "^0.21.0"

symbiote@^0.14.0:
  version "0.14.0"
  resolved "https://registry.yarnpkg.com/symbiote/-/symbiote-0.14.0.tgz#3e758b92b9dbb0f65e1bf6377e6fc340d9d96b93"
  dependencies:
    babel-runtime "^6.23.0"
    harden "^0.21.0"
    protype "^0.21.0"
    raze "^0.25.0"
    stringe "^0.2.0"

titlelize@^0.14.0:
  version "0.14.0"
  resolved "https://registry.yarnpkg.com/titlelize/-/titlelize-0.14.0.tgz#d74f7ee1070e19c2b377d5f240058224b5d00e66"
  dependencies:
    babel-runtime "^6.23.0"
    disdo "^0.13.0"
    falzy "^0.17.0"
    protype "^0.21.0"

transpher@^0.17.0:
  version "0.17.0"
  resolved "https://registry.yarnpkg.com/transpher/-/transpher-0.17.0.tgz#9a4dea269d71afe411785feccc99bb5eab679a16"
  dependencies:
    ate "^0.15.0"
    babel-runtime "^6.23.0"
    depher "^0.26.0"
    falzy "^0.17.0"
    kein "^0.16.0"

truly@^0.17.0:
  version "0.17.0"
  resolved "https://registry.yarnpkg.com/truly/-/truly-0.17.0.tgz#3b2c6883d95285d9d3a22fd5d2588d8b266e06c9"
  dependencies:
    babel-runtime "^6.23.0"
    protype "^0.21.0"

truu@^0.23.0:
  version "0.23.0"
  resolved "https://registry.yarnpkg.com/truu/-/truu-0.23.0.tgz#1775c269d2764dfd9f5546f7b2e9dec3d768190d"
  dependencies:
    babel-runtime "^6.23.0"
    doubt "^0.24.0"
    filled "^0.19.0"
    protype "^0.21.0"
    stuffed "^0.20.0"
    truly "^0.17.0"

type-is@~1.6.14:
  version "1.6.15"
  resolved "https://registry.yarnpkg.com/type-is/-/type-is-1.6.15.tgz#cab10fb4909e441c82842eafe1ad646c81804410"
  dependencies:
    media-typer "0.3.0"
    mime-types "~2.1.15"

u200b@^0.21.0:
  version "0.21.0"
  resolved "https://registry.yarnpkg.com/u200b/-/u200b-0.21.0.tgz#c6bd44cd930483c9d5180421d32da9371fa85497"
  dependencies:
    arid "^0.23.0"
    babel-runtime "^6.23.0"
    clazof "^0.21.0"
    diatom "^0.20.0"
    falzy "^0.17.0"
    harden "^0.21.0"
    optfor "^0.21.0"
    plough "^0.22.0"
    protype "^0.21.0"
    stringe "^0.2.0"
    truly "^0.17.0"
    wichevr "^0.7.0"

uglify-js@^2.6:
  version "2.8.22"
  resolved "https://registry.yarnpkg.com/uglify-js/-/uglify-js-2.8.22.tgz#d54934778a8da14903fa29a326fb24c0ab51a1a0"
  dependencies:
    source-map "~0.5.1"
    yargs "~3.10.0"
  optionalDependencies:
    uglify-to-browserify "~1.0.0"

uglify-to-browserify@~1.0.0:
  version "1.0.2"
  resolved "https://registry.yarnpkg.com/uglify-to-browserify/-/uglify-to-browserify-1.0.2.tgz#6e0924d6bda6b5afe349e39a6d632850a0f882b7"

unpipe@~1.0.0:
  version "1.0.0"
  resolved "https://registry.yarnpkg.com/unpipe/-/unpipe-1.0.0.tgz#b2bf4ee8514aae6165b4817829d21b2ef49904ec"

utils-merge@1.0.0:
  version "1.0.0"
  resolved "https://registry.yarnpkg.com/utils-merge/-/utils-merge-1.0.0.tgz#0294fb922bb9375153541c4f7096231f287c8af8"

vary@~1.1.0:
  version "1.1.1"
  resolved "https://registry.yarnpkg.com/vary/-/vary-1.1.1.tgz#67535ebb694c1d52257457984665323f587e8d37"

wauker@^0.8.0:
  version "0.8.0"
  resolved "https://registry.yarnpkg.com/wauker/-/wauker-0.8.0.tgz#78ba627e2a0fa9fe91b3e45b5ee1815994d5e9d5"
  dependencies:
    babel-runtime "^6.23.0"
    een "^0.16.0"
    falzy "^0.17.0"
    protease "^0.15.0"
    protype "^0.21.0"

wichevr@^0.7.0:
  version "0.7.0"
  resolved "https://registry.yarnpkg.com/wichevr/-/wichevr-0.7.0.tgz#c1d6c3b12b9decf7db9daf99c20bafb021eb4016"
  dependencies:
    babel-runtime "^6.23.0"
    raze "^0.25.0"
    truly "^0.17.0"

wichis@^0.11.0:
  version "0.11.0"
  resolved "https://registry.yarnpkg.com/wichis/-/wichis-0.11.0.tgz#557f17530e2686a213dfa439a8c797e43f8ddf1e"
  dependencies:
    babel-runtime "^6.23.0"
    raze "^0.25.0"
    truu "^0.23.0"

window-size@0.1.0:
  version "0.1.0"
  resolved "https://registry.yarnpkg.com/window-size/-/window-size-0.1.0.tgz#5438cd2ea93b202efa3a19fe8887aee7c94f9c9d"

wordwrap@0.0.2:
  version "0.0.2"
  resolved "https://registry.yarnpkg.com/wordwrap/-/wordwrap-0.0.2.tgz#b79669bb42ecb409f83d583cad52ca17eaa1643f"

wordwrap@~0.0.2:
  version "0.0.3"
  resolved "https://registry.yarnpkg.com/wordwrap/-/wordwrap-0.0.3.tgz#a3d5da6cd5c0bc0008d37234bbaf1bed63059107"

yargs@~3.10.0:
  version "3.10.0"
  resolved "https://registry.yarnpkg.com/yargs/-/yargs-3.10.0.tgz#f7ee7bd857dd7c1d2d38c0e74efbd681d1431fd1"
  dependencies:
    camelcase "^1.0.2"
    cliui "^2.1.0"
    decamelize "^1.0.0"
    window-size "0.1.0"

zelf@^0.11.0:
  version "0.11.0"
  resolved "https://registry.yarnpkg.com/zelf/-/zelf-0.11.0.tgz#ff6967b0206f8de00354dd439eb98cc4c5a4415d"
  dependencies:
    asea "^0.13.0"
    babel-runtime "^6.23.0"
